<?xml version="1.0" encoding="utf-8"?>
<Project ToolsVersion="4.0" xmlns="http://schemas.microsoft.com/developer/msbuild/2003">
  <ItemGroup>
    <Filter Include="Source Files">
      <UniqueIdentifier>{4FC737F1-C7A5-4376-A066-2A32D752A2FF}</UniqueIdentifier>
      <Extensions>cpp;c;cc;cxx;def;odl;idl;hpj;bat;asm;asmx</Extensions>
    </Filter>
    <Filter Include="Header Files">
      <UniqueIdentifier>{93995380-89BD-4b04-88EB-625FBE52EBFB}</UniqueIdentifier>
      <Extensions>h;hpp;hxx;hm;inl;inc;xsd</Extensions>
    </Filter>
    <Filter Include="Resource Files">
      <UniqueIdentifier>{67DA6AB6-F800-4c08-8B7A-83BB121AAD01}</UniqueIdentifier>
      <Extensions>rc;ico;cur;bmp;dlg;rc2;rct;bin;rgs;gif;jpg;jpeg;jpe;resx;tiff;tif;png;wav;mfcribbon-ms</Extensions>
    </Filter>
    <Filter Include="Source Files\Shapes">
      <UniqueIdentifier>{60b04aa1-6cbf-46d4-96a9-cfcc8ea42c96}</UniqueIdentifier>
    </Filter>
    <Filter Include="Header Files\Shapes">
      <UniqueIdentifier>{fc2b7ba9-079b-4876-b45b-ec8118150b50}</UniqueIdentifier>
    </Filter>
    <Filter Include="Source Files\Graphs">
      <UniqueIdentifier>{a214904a-118d-412a-a8a4-5cb81af256b7}</UniqueIdentifier>
    </Filter>
    <Filter Include="Header Files\Graphs">
      <UniqueIdentifier>{87fa2590-6e58-4749-97bc-e976229df195}</UniqueIdentifier>
    </Filter>
    <Filter Include="Header Files\Utils">
      <UniqueIdentifier>{5afe9ecc-9ae8-49da-914e-383c98f445a1}</UniqueIdentifier>
    </Filter>
    <Filter Include="Source Files\Utils">
      <UniqueIdentifier>{6a71d48c-a4cb-4e8b-926f-c00f14043ca2}</UniqueIdentifier>
    </Filter>
    <Filter Include="Header Files\Skelenton">
      <UniqueIdentifier>{b0ff9fbd-9437-45c5-917a-f583e3a3e9f2}</UniqueIdentifier>
    </Filter>
    <Filter Include="Source Files\Skelenton">
      <UniqueIdentifier>{a5b71ac0-2c51-4555-91f4-8fbc3b38dff7}</UniqueIdentifier>
    </Filter>
  </ItemGroup>
  <ItemGroup>
    <None Include="ReadMe.txt" />
    <None Include="small.ico">
      <Filter>Resource Files</Filter>
    </None>
    <None Include="OGLWin32.ico">
      <Filter>Resource Files</Filter>
    </None>
  </ItemGroup>
  <ItemGroup>
    <ClInclude Include="Bar2D.h">
      <Filter>Header Files\Shapes</Filter>
    </ClInclude>
    <ClInclude Include="Graph.h">
      <Filter>Header Files\Graphs</Filter>
    </ClInclude>
    <ClInclude Include="BarChart.h">
      <Filter>Header Files\Graphs</Filter>
    </ClInclude>
    <ClInclude Include="FileUtils.h">
      <Filter>Header Files\Utils</Filter>
    </ClInclude>
    <ClInclude Include="PieChart.h">
      <Filter>Header Files\Graphs</Filter>
    </ClInclude>
    <ClInclude Include="LineChart.h">
      <Filter>Header Files\Graphs</Filter>
    </ClInclude>
    <ClInclude Include="ScatterPlot.h">
      <Filter>Header Files\Graphs</Filter>
    </ClInclude>
    <ClInclude Include="Listener.h">
      <Filter>Header Files\Skelenton</Filter>
    </ClInclude>
    <ClInclude Include="OGLApplication.h">
      <Filter>Header Files\Skelenton</Filter>
    </ClInclude>
    <ClInclude Include="OGLRectangle.h">
      <Filter>Header Files\Skelenton</Filter>
    </ClInclude>
    <ClInclude Include="OGLWin32.h">
      <Filter>Header Files\Skelenton</Filter>
    </ClInclude>
    <ClInclude Include="OGLWindow.h">
      <Filter>Header Files\Skelenton</Filter>
    </ClInclude>
    <ClInclude Include="Renderable.h">
      <Filter>Header Files\Skelenton</Filter>
    </ClInclude>
    <ClInclude Include="Resource.h">
      <Filter>Header Files\Skelenton</Filter>
    </ClInclude>
    <ClInclude Include="targetver.h">
      <Filter>Header Files\Skelenton</Filter>
    </ClInclude>
    <ClInclude Include="Vector3f.h">
      <Filter>Header Files\Skelenton</Filter>
    </ClInclude>
    <ClInclude Include="Vector2f.h">
      <Filter>Header Files\Skelenton</Filter>
    </ClInclude>
    <ClInclude Include="PieSectorData.h">
      <Filter>Header Files\Graphs</Filter>
    </ClInclude>
    <ClInclude Include="glfont2.h">
      <Filter>Header Files\Utils</Filter>
    </ClInclude>
    <ClInclude Include="FontRenderer.h">
      <Filter>Header Files\Utils</Filter>
    </ClInclude>
  </ItemGroup>
  <ItemGroup>
    <ClCompile Include="Bar2D.cpp">
      <Filter>Source Files\Shapes</Filter>
    </ClCompile>
    <ClCompile Include="BarChart.cpp">
      <Filter>Source Files\Graphs</Filter>
    </ClCompile>
    <ClCompile Include="FileUtils.cpp">
      <Filter>Source Files\Utils</Filter>
    </ClCompile>
    <ClCompile Include="PieChart.cpp">
      <Filter>Source Files\Graphs</Filter>
    </ClCompile>
    <ClCompile Include="LineChart.cpp">
      <Filter>Source Files\Graphs</Filter>
    </ClCompile>
    <ClCompile Include="ScatterPlot.cpp">
      <Filter>Source Files\Graphs</Filter>
    </ClCompile>
    <ClCompile Include="OGLApplication.cpp">
      <Filter>Source Files\Skelenton</Filter>
    </ClCompile>
    <ClCompile Include="OGLRectangle.cpp">
      <Filter>Source Files\Skelenton</Filter>
    </ClCompile>
    <ClCompile Include="OGLWin32.cpp">
      <Filter>Source Files\Skelenton</Filter>
    </ClCompile>
    <ClCompile Include="OGLWindow.cpp">
      <Filter>Source Files\Skelenton</Filter>
    </ClCompile>
    <ClCompile Include="Vector3f.cpp">
      <Filter>Source Files\Skelenton</Filter>
    </ClCompile>
    <ClCompile Include="Vector2f.cpp">
      <Filter>Source Files\Skelenton</Filter>
    </ClCompile>
    <ClCompile Include="PieSectorData.cpp">
      <Filter>Source Files\Graphs</Filter>
    </ClCompile>
    <ClCompile Include="glfont2.cpp">
      <Filter>Source Files\Utils</Filter>
    </ClCompile>
    <ClCompile Include="FontRenderer.cpp">
      <Filter>Source Files\Utils</Filter>
    </ClCompile>
  </ItemGroup>
  <ItemGroup>
    <ResourceCompile Include="OGLWin32.rc">
      <Filter>Resource Files</Filter>
    </ResourceCompile>
  </ItemGroup>
  <ItemGroup>
    <Text Include="Notes.txt" />
  </ItemGroup>
</Project>